{
  "lockfileVersion": 1,
  "configVersion": 0,
  "workspaces": {
    "": {
      "dependencies": {
        "arktype": "2.2.0",
        "stnl": "2.2.2",
        "typebox": "1.1.7",
      },
    },
  },
  "packages": {
    "@ark/schema": ["@ark/schema@0.56.0", "", { "dependencies": { "@ark/util": "0.56.0" } }, "sha512-ECg3hox/6Z/nLajxXqNhgPtNdHWC9zNsDyskwO28WinoFEnWow4IsERNz9AnXRhTZJnYIlAJ4uGn3nlLk65vZA=="],

    "@ark/util": ["@ark/util@0.56.0", "", {}, "sha512-BghfRC8b9pNs3vBoDJhcta0/c1J1rsoS1+HgVUreMFPdhz/CRAKReAu57YEllNaSy98rWAdY1gE+gFup7OXpgA=="],

    "arkregex": ["arkregex@0.0.5", "", { "dependencies": { "@ark/util": "0.56.0" } }, "sha512-ncYjBdLlh5/QnVsAA8De16Tc9EqmYM7y/WU9j+236KcyYNUXogpz3sC4ATIZYzzLxwI+0sEOaQLEmLmRleaEXw=="],

    "arktype": ["arktype@2.2.0", "", { "dependencies": { "@ark/schema": "0.56.0", "@ark/util": "0.56.0", "arkregex": "0.0.5" } }, "sha512-t54MZ7ti5BhOEvzEkgKnWvqj+UbDfWig+DHr5I34xatymPusKLS0lQpNJd8M6DzmIto2QGszHfNKoFIT8tMCZQ=="],

    "stnl": ["stnl@2.2.2", "", {}, "sha512-gBQ+TBwQLxPH08TU+r6g0SRWBYgkNYsDgGA8mvVqeE6IFDnlQDiJfjABjJGa8DKBV91NzW3pbdq0BSRPoW2Aew=="],

    "typebox": ["typebox@1.1.7", "", {}, "sha512-iO9PL4bdmBeDWVeA6vQS4XDb5J5MZk5Mw88QZoxfdI7zuVtlWWY0LPJVPI9bKYZ6hP0CU+hPpqxKShlyNKnCGg=="],
  }
}
