{
  "lockfileVersion": 1,
  "workspaces": {
    "": {
      "dependencies": {
        "@mapl/web": "^0.1.8",
        "@oak/oak": "npm:@jsr/oak__oak",
        "elysia": "^1.3.6",
        "hono": "^4.8.5",
        "itty-router": "^5.0.18",
      },
    },
  },
  "packages": {
    "@jsr/oak__commons": ["@jsr/oak__commons@1.0.1", "https://npm.jsr.io/~/11/@jsr/oak__commons/1.0.1.tgz", { "dependencies": { "@jsr/std__assert": "^1.0", "@jsr/std__bytes": "^1.0", "@jsr/std__crypto": "^1.0", "@jsr/std__encoding": "^1.0", "@jsr/std__http": "^1.0", "@jsr/std__media-types": "^1.0" } }, "sha512-7JLQGtpelZgiPiSPLLUOut/7cHwaHSgIWFcGbJSaBPnEuZdBc8JY++sQ8HzLmDO8QSU1Oqo2IQbAhDt79ghbCw=="],

    "@jsr/std__assert": ["@jsr/std__assert@1.0.13", "https://npm.jsr.io/~/11/@jsr/std__assert/1.0.13.tgz", { "dependencies": { "@jsr/std__internal": "^1.0.6" } }, "sha512-rZ44REoi2/p+gqu8OfkcNeaTOSiG1kD6v8gyA0YjkXsOkDsiGw9g8h7JuGC/OD7GgOVgTEY+9Cih49Y18rkrCQ=="],

    "@jsr/std__bytes": ["@jsr/std__bytes@1.0.6", "https://npm.jsr.io/~/11/@jsr/std__bytes/1.0.6.tgz", {}, "sha512-St6yKggjFGhxS52IFLJWvkchRFbAKg2Xh8UxA4S1EGz7GJ2Ui+ssDDldj/w2c8vCxvl6qgR0HaYbKeFJNqujmA=="],

    "@jsr/std__cli": ["@jsr/std__cli@1.0.21", "https://npm.jsr.io/~/11/@jsr/std__cli/1.0.21.tgz", {}, "sha512-sx/iCW12GUITEkiNmdj7LbM6q/oWq9JoHz24Q/VxPMlLSXKeS5y7teBEDbWSqxFGIevKfgYJYlsbcHWNumd7fw=="],

    "@jsr/std__crypto": ["@jsr/std__crypto@1.0.5", "https://npm.jsr.io/~/11/@jsr/std__crypto/1.0.5.tgz", {}, "sha512-iqFCkjeGeQccLgmxH9m1d7abjZcFMW0XrYZu1itNz8vVHzH9crObalonjVQaVDdKHCrNNOklMN1t0u3k46dirA=="],

    "@jsr/std__encoding": ["@jsr/std__encoding@1.0.10", "https://npm.jsr.io/~/11/@jsr/std__encoding/1.0.10.tgz", {}, "sha512-WK2njnDTyKefroRNk2Ooq7GStp6Y0ccAvr4To+Z/zecRAGe7+OSvH9DbiaHpAKwEi2KQbmpWMOYsdNt+TsdmSw=="],

    "@jsr/std__fmt": ["@jsr/std__fmt@1.0.8", "https://npm.jsr.io/~/11/@jsr/std__fmt/1.0.8.tgz", {}, "sha512-miZHzj9OgjuajrcMKzpqNVwFb9O71UHZzV/FHVq0E0Uwmv/1JqXgmXAoBNPrn+MP0fHT3mMgaZ6XvQO7dam67Q=="],

    "@jsr/std__fs": ["@jsr/std__fs@1.0.19", "https://npm.jsr.io/~/11/@jsr/std__fs/1.0.19.tgz", { "dependencies": { "@jsr/std__internal": "^1.0.9", "@jsr/std__path": "^1.1.1" } }, "sha512-TEjyE8g+46jPlu7dJHLrwc8NMGl8zfG+JjWxyNQyDbxP0RtqZ4JmYZfR9vy4RWYWJQbLpw6Kbt2n+K/2zAO/JA=="],

    "@jsr/std__html": ["@jsr/std__html@1.0.4", "https://npm.jsr.io/~/11/@jsr/std__html/1.0.4.tgz", {}, "sha512-aSwoT4KN/DujGKauiU7b1oEWLeJrBbHtCiRpjd3eNrpCzBlTL5q/8jZvUpgiHNCLi9CELTfxoCowpFM1skuNSQ=="],

    "@jsr/std__http": ["@jsr/std__http@1.0.20", "https://npm.jsr.io/~/11/@jsr/std__http/1.0.20.tgz", { "dependencies": { "@jsr/std__cli": "^1.0.21", "@jsr/std__encoding": "^1.0.10", "@jsr/std__fmt": "^1.0.8", "@jsr/std__fs": "^1.0.19", "@jsr/std__html": "^1.0.4", "@jsr/std__media-types": "^1.1.0", "@jsr/std__net": "^1.0.4", "@jsr/std__path": "^1.1.1", "@jsr/std__streams": "^1.0.10" } }, "sha512-mLHb1hsELX7HbNxdeQrrBuAHYE8/6Gk4q/+DOABvJVJAlE0Ln/xDPLbFUL5HnVL92Etus4nLYEjHCaplVcsA8w=="],

    "@jsr/std__internal": ["@jsr/std__internal@1.0.10", "https://npm.jsr.io/~/11/@jsr/std__internal/1.0.10.tgz", {}, "sha512-fmD6yKep/sMnB2yPQU/REZG7Z4N9SZwcUBNnceo4QkXk67l3JEfxHoROQ/YHeVSOmq6x55Ra6nuMjz2ib3nj3g=="],

    "@jsr/std__media-types": ["@jsr/std__media-types@1.1.0", "https://npm.jsr.io/~/11/@jsr/std__media-types/1.1.0.tgz", {}, "sha512-dHvaxHL7ENWnltgL653uo3KnKFse3ZbopZop2gqsT7yrscx7irZEClu5Cba7gMPPRk4Lg1FbriNcaBViM2RSBw=="],

    "@jsr/std__net": ["@jsr/std__net@1.0.4", "https://npm.jsr.io/~/11/@jsr/std__net/1.0.4.tgz", {}, "sha512-KJGU8ZpQ70sMW2Zk+wU3wFUkggS9lTLfRFBygnV9VaK8KI+1ggiqtB06rH4a14CNRGM9y46Mn/ZCbQUd4Q45Jg=="],

    "@jsr/std__path": ["@jsr/std__path@1.1.1", "https://npm.jsr.io/~/11/@jsr/std__path/1.1.1.tgz", { "dependencies": { "@jsr/std__internal": "^1.0.9" } }, "sha512-+x5LgcNUSpMzOZIRmFSjqrMTCxHlgXjWzK8ZFr7lwgHfWZxoVXeis3MFQlkR5mN5uQ61Y1P30Li1PU0yx9uluA=="],

    "@jsr/std__streams": ["@jsr/std__streams@1.0.10", "https://npm.jsr.io/~/11/@jsr/std__streams/1.0.10.tgz", { "dependencies": { "@jsr/std__bytes": "^1.0.6" } }, "sha512-10v3cTUl6uREV1TMek5yvE2tFLmMjJIDW4uRlUhYhbkQSaKjd5SIf8lSWhgRgvDTmQM0gtcbt7X6+KrauyRsoA=="],

    "@mapl/framework": ["@mapl/framework@0.2.4", "", {}, "sha512-4zK05a0OfiqDIm4jGihpkwYdxlP3Yo9FWiygwUjKcv+yvOWtXuDhUCQFlALYBFWfiyj3skMSFl6MKn6nmgtwIA=="],

    "@mapl/router": ["@mapl/router@0.6.0", "", {}, "sha512-NVcoV15nEtXwzJL/GvKX7Xysd/WRdDg1n5t9oUWZ4kZPT/Q1NdryK9SFT6IsobD23HtWlwnsjavUfMftwGjebw=="],

    "@mapl/web": ["@mapl/web@0.1.8", "", { "dependencies": { "@mapl/framework": "^0.2.4", "@mapl/router": "^0.6.0", "@safe-std/error": "^1.0.0" } }, "sha512-ZzQLQPTsI1UZFAGf5HvMx4oa5/LskfwZj8NqftjjcytDP7txvjSZ3aVPAxgrPOODxPvsZ3G1TQA5YTEkzjwaSQ=="],

    "@oak/oak": ["@jsr/oak__oak@17.1.5", "https://npm.jsr.io/~/11/@jsr/oak__oak/17.1.5.tgz", { "dependencies": { "@jsr/oak__commons": "^1.0", "@jsr/std__assert": "^1.0", "@jsr/std__bytes": "^1.0", "@jsr/std__http": "^1.0", "@jsr/std__media-types": "^1.0", "@jsr/std__path": "^1.0", "path-to-regexp": "^6.3.0" } }, "sha512-494QT+Xq0nkx2HqtrGXxNr4u9Wwp6HMd0ieoAQspIt3tcBtPSbcgID5QmwQbQq1YqVjs0xWvng4i5gXzETB2YQ=="],

    "@safe-std/error": ["@safe-std/error@1.0.0", "", {}, "sha512-DHTT+o61S2ryus0U07KUVnxW47lw53LyQEgpaUb2IguJRXz6WrVHFyQbv+/Dd06v6WTuR5aA+FQ7e0Ug3RXEaw=="],

    "@sinclair/typebox": ["@sinclair/typebox@0.34.38", "", {}, "sha512-HpkxMmc2XmZKhvaKIZZThlHmx1L0I/V1hWK1NubtlFnr6ZqdiOpV72TKudZUNQjZNsyDBay72qFEhEvb+bcwcA=="],

    "@tokenizer/inflate": ["@tokenizer/inflate@0.2.7", "", { "dependencies": { "debug": "^4.4.0", "fflate": "^0.8.2", "token-types": "^6.0.0" } }, "sha512-MADQgmZT1eKjp06jpI2yozxaU9uVs4GzzgSL+uEq7bVcJ9V1ZXQkeGNql1fsSI0gMy1vhvNTNbUqrx+pZfJVmg=="],

    "@tokenizer/token": ["@tokenizer/token@0.3.0", "", {}, "sha512-OvjF+z51L3ov0OyAU0duzsYuvO01PH7x4t6DJx+guahgTnBHkhJdG7soQeTSFLWN3efnHyibZ4Z8l2EuWwJN3A=="],

    "cookie": ["cookie@1.0.2", "", {}, "sha512-9Kr/j4O16ISv8zBBhJoi4bXOYNTkFLOqSL3UDB0njXxCXNezjeyVrJyGOWtgfs/q2km1gwBcfH8q1yEGoMYunA=="],

    "debug": ["debug@4.4.1", "", { "dependencies": { "ms": "^2.1.3" } }, "sha512-KcKCqiftBJcZr++7ykoDIEwSa3XWowTfNPo92BYxjXiyYEVrUQh2aLyhxBCwww+heortUFxEJYcRzosstTEBYQ=="],

    "elysia": ["elysia@1.3.6", "", { "dependencies": { "cookie": "^1.0.2", "exact-mirror": "0.1.2", "fast-decode-uri-component": "^1.0.1" }, "optionalDependencies": { "@sinclair/typebox": "^0.34.33", "openapi-types": "^12.1.3" }, "peerDependencies": { "file-type": ">= 20.0.0", "typescript": ">= 5.0.0" } }, "sha512-NPjbt42KlLzf98JN/3Uvzg3oVFCzEle9gJnRtwUxYGQd61Bm7sE1h8FMqQVdXRCoxmz1T+jhhoB+p1YjDdwEzQ=="],

    "exact-mirror": ["exact-mirror@0.1.2", "", { "peerDependencies": { "@sinclair/typebox": "^0.34.15" }, "optionalPeers": ["@sinclair/typebox"] }, "sha512-wFCPCDLmHbKGUb8TOi/IS7jLsgR8WVDGtDK3CzcB4Guf/weq7G+I+DkXiRSZfbemBFOxOINKpraM6ml78vo8Zw=="],

    "fast-decode-uri-component": ["fast-decode-uri-component@1.0.1", "", {}, "sha512-WKgKWg5eUxvRZGwW8FvfbaH7AXSh2cL+3j5fMGzUMCxWBJ3dV3a7Wz8y2f/uQ0e3B6WmodD3oS54jTQ9HVTIIg=="],

    "fflate": ["fflate@0.8.2", "", {}, "sha512-cPJU47OaAoCbg0pBvzsgpTPhmhqI5eJjh/JIu8tPj5q+T7iLvW/JAYUqmE7KOB4R1ZyEhzBaIQpQpardBF5z8A=="],

    "file-type": ["file-type@21.0.0", "", { "dependencies": { "@tokenizer/inflate": "^0.2.7", "strtok3": "^10.2.2", "token-types": "^6.0.0", "uint8array-extras": "^1.4.0" } }, "sha512-ek5xNX2YBYlXhiUXui3D/BXa3LdqPmoLJ7rqEx2bKJ7EAUEfmXgW0Das7Dc6Nr9MvqaOnIqiPV0mZk/r/UpNAg=="],

    "hono": ["hono@4.8.5", "", {}, "sha512-Up2cQbtNz1s111qpnnECdTGqSIUIhZJMLikdKkshebQSEBcoUKq6XJayLGqSZWidiH0zfHRCJqFu062Mz5UuRA=="],

    "ieee754": ["ieee754@1.2.1", "", {}, "sha512-dcyqhDvX1C46lXZcVqCpK+FtMRQVdIMN6/Df5js2zouUsqG7I6sFxitIC+7KYK29KdXOLHdu9zL4sFnoVQnqaA=="],

    "itty-router": ["itty-router@5.0.18", "", {}, "sha512-mK3ReOt4ARAGy0V0J7uHmArG2USN2x0zprZ+u+YgmeRjXTDbaowDy3kPcsmQY6tH+uHhDgpWit9Vqmv/4rTXwA=="],

    "ms": ["ms@2.1.3", "", {}, "sha512-6FlzubTLZG3J2a/NVCAleEhjzq5oxgHyaCU9yYXvcLsvoVaHJq/s5xXI6/XXP6tz7R9xAOtHnSO/tXtF3WRTlA=="],

    "openapi-types": ["openapi-types@12.1.3", "", {}, "sha512-N4YtSYJqghVu4iek2ZUvcN/0aqH1kRDuNqzcycDxhOUpg7GdvLa2F3DgS6yBNhInhv2r/6I0Flkn7CqL8+nIcw=="],

    "path-to-regexp": ["path-to-regexp@6.3.0", "", {}, "sha512-Yhpw4T9C6hPpgPeA28us07OJeqZ5EzQTkbfwuhsUg0c237RomFoETJgmp2sa3F/41gfLE6G5cqcYwznmeEeOlQ=="],

    "strtok3": ["strtok3@10.3.2", "", { "dependencies": { "@tokenizer/token": "^0.3.0" } }, "sha512-or9w505RhhY66+uoe5YOC5QO/bRuATaoim3XTh+pGKx5VMWi/HDhMKuCjDLsLJouU2zg9Hf1nLPcNW7IHv80kQ=="],

    "token-types": ["token-types@6.0.3", "", { "dependencies": { "@tokenizer/token": "^0.3.0", "ieee754": "^1.2.1" } }, "sha512-IKJ6EzuPPWtKtEIEPpIdXv9j5j2LGJEYk0CKY2efgKoYKLBiZdh6iQkLVBow/CB3phyWAWCyk+bZeaimJn6uRQ=="],

    "typescript": ["typescript@5.8.3", "", { "bin": { "tsc": "bin/tsc", "tsserver": "bin/tsserver" } }, "sha512-p1diW6TqL9L07nNxvRMM7hMMw4c5XOo/1ibL4aAIGmSAt9slTE1Xgw5KWuof2uTOvCg9BY7ZRi+GaF+7sfgPeQ=="],

    "uint8array-extras": ["uint8array-extras@1.4.0", "", {}, "sha512-ZPtzy0hu4cZjv3z5NW9gfKnNLjoz4y6uv4HlelAjDK7sY/xOkKZv9xK/WQpcsBB3jEybChz9DPC2U/+cusjJVQ=="],
  }
}
