{
  "lockfileVersion": 1,
  "configVersion": 1,
  "workspaces": {
    "": {
      "dependencies": {
        "@mapl/router": "^0.8.6",
        "hono": "^4.11.8",
        "rou3": "^0.7.12",
        "runtime-compiler": "^3.1.0",
      },
    },
  },
  "packages": {
    "@mapl/router": ["@mapl/router@0.8.6", "", {}, "sha512-L50uqZYQtD8RuNzLbhEhHlypBmC1zmJdemDbuktYJC88DEHYdEchTtJ1EltaPaK2mKY2t5yVvYaR3azMTIiy/g=="],

    "hono": ["hono@4.11.8", "", {}, "sha512-eVkB/CYCCei7K2WElZW9yYQFWssG0DhaDhVvr7wy5jJ22K+ck8fWW0EsLpB0sITUTvPnc97+rrbQqIr5iqiy9Q=="],

    "rou3": ["rou3@0.7.12", "", {}, "sha512-iFE4hLDuloSWcD7mjdCDhx2bKcIsYbtOTpfH5MHHLSKMOUyjqQXTeZVa289uuwEGEKFoE/BAPbhaU4B774nceg=="],

    "runtime-compiler": ["runtime-compiler@3.1.0", "", {}, "sha512-gvMC2R50bR4dNgn7wOBL1uyu12JS5zgPDINKWzZKM2bg22uqCkGxa2SSk8xRDZskb4XX7Xjy+6Nl8oDIwwzmhQ=="],
  }
}
